{
	"name": "proxy-with-body",
	"version": "1.0.0",
	"lockfileVersion": 3,
	"requires": true,
	"packages": {
		"": {
			"name": "proxy-with-body",
			"version": "1.0.0",
			"dependencies": {
				"proxy-with-body": "file:"
			}
		},
		"node_modules/proxy-with-body": {
			"resolved": "",
			"link": true
		}
	}
}
